// !$*UTF8*$!
{
	archiveVersion = 1;
	classes = {
	};
	objectVersion = 77;
	objects = {

/* Begin PBXBuildFile section */
		E13011302D86D19D001BE6F5 /* FirebaseAnalytics in Frameworks */ = {isa = PBXBuildFile; productRef = E130112F2D86D19D001BE6F5 /* FirebaseAnalytics */; };
		E13011322D86D19D001BE6F5 /* FirebaseAnalyticsOnDeviceConversion in Frameworks */ = {isa = PBXBuildFile; productRef = E13011312D86D19D001BE6F5 /* FirebaseAnalyticsOnDeviceConversion */; };
		E13011342D86D19D001BE6F5 /* FirebaseAnalyticsWithoutAdIdSupport in Frameworks */ = {isa = PBXBuildFile; productRef = E13011332D86D19D001BE6F5 /* FirebaseAnalyticsWithoutAdIdSupport */; };
		E13011362D86D19D001BE6F5 /* FirebaseAppCheck in Frameworks */ = {isa = PBXBuildFile; productRef = E13011352D86D19D001BE6F5 /* FirebaseAppCheck */; };
		E13011382D86D19D001BE6F5 /* FirebaseAppDistribution-Beta in Frameworks */ = {isa = PBXBuildFile; productRef = E13011372D86D19D001BE6F5 /* FirebaseAppDistribution-Beta */; };
		E130113B2D86D1E7001BE6F5 /* FirebasePerformance in Frameworks */ = {isa = PBXBuildFile; productRef = E130113A2D86D1E7001BE6F5 /* FirebasePerformance */; };
/* End PBXBuildFile section */

/* Begin PBXContainerItemProxy section */
		E156C9922D7F0B3D00DB433F /* PBXContainerItemProxy */ = {
			isa = PBXContainerItemProxy;
			containerPortal = E14540662CCBF3A600D2D86E /* Project object */;
			proxyType = 1;
			remoteGlobalIDString = E145406D2CCBF3A600D2D86E;
			remoteInfo = Cookpedia;
		};
/* End PBXContainerItemProxy section */

/* Begin PBXFileReference section */
		E145406E2CCBF3A600D2D86E /* Cookpedia.app */ = {isa = PBXFileReference; explicitFileType = wrapper.application; includeInIndex = 0; path = Cookpedia.app; sourceTree = BUILT_PRODUCTS_DIR; };
		E156C98E2D7F0B3D00DB433F /* CookpediaTests.xctest */ = {isa = PBXFileReference; explicitFileType = wrapper.cfbundle; includeInIndex = 0; path = CookpediaTests.xctest; sourceTree = BUILT_PRODUCTS_DIR; };
/* End PBXFileReference section */

/* Begin PBXFileSystemSynchronizedBuildFileExceptionSet section */
		E14540B92CCBF87700D2D86E /* Exceptions for "Cookpedia" folder in "Cookpedia" target */ = {
			isa = PBXFileSystemSynchronizedBuildFileExceptionSet;
			membershipExceptions = (
				Info.plist,
			);
			target = E145406D2CCBF3A600D2D86E /* Cookpedia */;
		};
/* End PBXFileSystemSynchronizedBuildFileExceptionSet section */

/* Begin PBXFileSystemSynchronizedRootGroup section */
		E14540702CCBF3A600D2D86E /* Cookpedia */ = {
			isa = PBXFileSystemSynchronizedRootGroup;
			exceptions = (
				E14540B92CCBF87700D2D86E /* Exceptions for "Cookpedia" folder in "Cookpedia" target */,
			);
			path = Cookpedia;
			sourceTree = "<group>";
		};
		E156C98F2D7F0B3D00DB433F /* CookpediaTests */ = {
			isa = PBXFileSystemSynchronizedRootGroup;
			path = CookpediaTests;
			sourceTree = "<group>";
		};
/* End PBXFileSystemSynchronizedRootGroup section */

/* Begin PBXFrameworksBuildPhase section */
		E145406B2CCBF3A600D2D86E /* Frameworks */ = {
			isa = PBXFrameworksBuildPhase;
			buildActionMask = 2147483647;
			files = (
				E13011362D86D19D001BE6F5 /* FirebaseAppCheck in Frameworks */,
				E13011302D86D19D001BE6F5 /* FirebaseAnalytics in Frameworks */,
				E130113B2D86D1E7001BE6F5 /* FirebasePerformance in Frameworks */,
				E13011382D86D19D001BE6F5 /* FirebaseAppDistribution-Beta in Frameworks */,
				E13011342D86D19D001BE6F5 /* FirebaseAnalyticsWithoutAdIdSupport in Frameworks */,
				E13011322D86D19D001BE6F5 /* FirebaseAnalyticsOnDeviceConversion in Frameworks */,
			);
			runOnlyForDeploymentPostprocessing = 0;
		};
		E156C98B2D7F0B3D00DB433F /* Frameworks */ = {
			isa = PBXFrameworksBuildPhase;
			buildActionMask = 2147483647;
			files = (
			);
			runOnlyForDeploymentPostprocessing = 0;
		};
/* End PBXFrameworksBuildPhase section */

/* Begin PBXGroup section */
		E13011392D86D1E7001BE6F5 /* Frameworks */ = {
			isa = PBXGroup;
			children = (
			);
			name = Frameworks;
			sourceTree = "<group>";
		};
		E14540652CCBF3A600D2D86E = {
			isa = PBXGroup;
			children = (
				E14540702CCBF3A600D2D86E /* Cookpedia */,
				E156C98F2D7F0B3D00DB433F /* CookpediaTests */,
				E13011392D86D1E7001BE6F5 /* Frameworks */,
				E145406F2CCBF3A600D2D86E /* Products */,
			);
			sourceTree = "<group>";
		};
		E145406F2CCBF3A600D2D86E /* Products */ = {
			isa = PBXGroup;
			children = (
				E145406E2CCBF3A600D2D86E /* Cookpedia.app */,
				E156C98E2D7F0B3D00DB433F /* CookpediaTests.xctest */,
			);
			name = Products;
			sourceTree = "<group>";
		};
/* End PBXGroup section */

/* Begin PBXNativeTarget section */
		E145406D2CCBF3A600D2D86E /* Cookpedia */ = {
			isa = PBXNativeTarget;
			buildConfigurationList = E145407C2CCBF3A700D2D86E /* Build configuration list for PBXNativeTarget "Cookpedia" */;
			buildPhases = (
				E145406A2CCBF3A600D2D86E /* Sources */,
				E145406B2CCBF3A600D2D86E /* Frameworks */,
				E145406C2CCBF3A600D2D86E /* Resources */,
			);
			buildRules = (
			);
			dependencies = (
			);
			fileSystemSynchronizedGroups = (
				E14540702CCBF3A600D2D86E /* Cookpedia */,
			);
			name = Cookpedia;
			packageProductDependencies = (
				E130112F2D86D19D001BE6F5 /* FirebaseAnalytics */,
				E13011312D86D19D001BE6F5 /* FirebaseAnalyticsOnDeviceConversion */,
				E13011332D86D19D001BE6F5 /* FirebaseAnalyticsWithoutAdIdSupport */,
				E13011352D86D19D001BE6F5 /* FirebaseAppCheck */,
				E13011372D86D19D001BE6F5 /* FirebaseAppDistribution-Beta */,
				E130113A2D86D1E7001BE6F5 /* FirebasePerformance */,
			);
			productName = Cookpedia;
			productReference = E145406E2CCBF3A600D2D86E /* Cookpedia.app */;
			productType = "com.apple.product-type.application";
		};
		E156C98D2D7F0B3D00DB433F /* CookpediaTests */ = {
			isa = PBXNativeTarget;
			buildConfigurationList = E156C9942D7F0B3D00DB433F /* Build configuration list for PBXNativeTarget "CookpediaTests" */;
			buildPhases = (
				E156C98A2D7F0B3D00DB433F /* Sources */,
				E156C98B2D7F0B3D00DB433F /* Frameworks */,
				E156C98C2D7F0B3D00DB433F /* Resources */,
			);
			buildRules = (
			);
			dependencies = (
				E156C9932D7F0B3D00DB433F /* PBXTargetDependency */,
			);
			fileSystemSynchronizedGroups = (
				E156C98F2D7F0B3D00DB433F /* CookpediaTests */,
			);
			name = CookpediaTests;
			packageProductDependencies = (
			);
			productName = CookpediaTests;
			productReference = E156C98E2D7F0B3D00DB433F /* CookpediaTests.xctest */;
			productType = "com.apple.product-type.bundle.unit-test";
		};
/* End PBXNativeTarget section */

/* Begin PBXProject section */
		E14540662CCBF3A600D2D86E /* Project object */ = {
			isa = PBXProject;
			attributes = {
				BuildIndependentTargetsInParallel = 1;
				LastSwiftUpdateCheck = 1620;
				LastUpgradeCheck = 1600;
				TargetAttributes = {
					E145406D2CCBF3A600D2D86E = {
						CreatedOnToolsVersion = 16.0;
					};
					E156C98D2D7F0B3D00DB433F = {
						CreatedOnToolsVersion = 16.2;
						TestTargetID = E145406D2CCBF3A600D2D86E;
					};
				};
			};
			buildConfigurationList = E14540692CCBF3A600D2D86E /* Build configuration list for PBXProject "Cookpedia" */;
			developmentRegion = en;
			hasScannedForEncodings = 0;
			knownRegions = (
				en,
				Base,
			);
			mainGroup = E14540652CCBF3A600D2D86E;
			minimizedProjectReferenceProxies = 1;
			packageReferences = (
				E130112E2D86D19D001BE6F5 /* XCRemoteSwiftPackageReference "firebase-ios-sdk" */,
			);
			preferredProjectObjectVersion = 77;
			productRefGroup = E145406F2CCBF3A600D2D86E /* Products */;
			projectDirPath = "";
			projectRoot = "";
			targets = (
				E145406D2CCBF3A600D2D86E /* Cookpedia */,
				E156C98D2D7F0B3D00DB433F /* CookpediaTests */,
			);
		};
/* End PBXProject section */

/* Begin PBXResourcesBuildPhase section */
		E145406C2CCBF3A600D2D86E /* Resources */ = {
			isa = PBXResourcesBuildPhase;
			buildActionMask = 2147483647;
			files = (
			);
			runOnlyForDeploymentPostprocessing = 0;
		};
		E156C98C2D7F0B3D00DB433F /* Resources */ = {
			isa = PBXResourcesBuildPhase;
			buildActionMask = 2147483647;
			files = (
			);
			runOnlyForDeploymentPostprocessing = 0;
		};
/* End PBXResourcesBuildPhase section */

/* Begin PBXSourcesBuildPhase section */
		E145406A2CCBF3A600D2D86E /* Sources */ = {
			isa = PBXSourcesBuildPhase;
			buildActionMask = 2147483647;
			files = (
			);
			runOnlyForDeploymentPostprocessing = 0;
		};
		E156C98A2D7F0B3D00DB433F /* Sources */ = {
			isa = PBXSourcesBuildPhase;
			buildActionMask = 2147483647;
			files = (
			);
			runOnlyForDeploymentPostprocessing = 0;
		};
/* End PBXSourcesBuildPhase section */

/* Begin PBXTargetDependency section */
		E156C9932D7F0B3D00DB433F /* PBXTargetDependency */ = {
			isa = PBXTargetDependency;
			target = E145406D2CCBF3A600D2D86E /* Cookpedia */;
			targetProxy = E156C9922D7F0B3D00DB433F /* PBXContainerItemProxy */;
		};
/* End PBXTargetDependency section */

/* Begin XCBuildConfiguration section */
		E145407A2CCBF3A700D2D86E /* Debug */ = {
			isa = XCBuildConfiguration;
			buildSettings = {
				ALWAYS_SEARCH_USER_PATHS = NO;
				ASSETCATALOG_COMPILER_GENERATE_SWIFT_ASSET_SYMBOL_EXTENSIONS = YES;
				CLANG_ANALYZER_NONNULL = YES;
				CLANG_ANALYZER_NUMBER_OBJECT_CONVERSION = YES_AGGRESSIVE;
				CLANG_CXX_LANGUAGE_STANDARD = "gnu++20";
				CLANG_ENABLE_MODULES = YES;
				CLANG_ENABLE_OBJC_ARC = YES;
				CLANG_ENABLE_OBJC_WEAK = YES;
				CLANG_WARN_BLOCK_CAPTURE_AUTORELEASING = YES;
				CLANG_WARN_BOOL_CONVERSION = YES;
				CLANG_WARN_COMMA = YES;
				CLANG_WARN_CONSTANT_CONVERSION = YES;
				CLANG_WARN_DEPRECATED_OBJC_IMPLEMENTATIONS = YES;
				CLANG_WARN_DIRECT_OBJC_ISA_USAGE = YES_ERROR;
				CLANG_WARN_DOCUMENTATION_COMMENTS = YES;
				CLANG_WARN_EMPTY_BODY = YES;
				CLANG_WARN_ENUM_CONVERSION = YES;
				CLANG_WARN_INFINITE_RECURSION = YES;
				CLANG_WARN_INT_CONVERSION = YES;
				CLANG_WARN_NON_LITERAL_NULL_CONVERSION = YES;
				CLANG_WARN_OBJC_IMPLICIT_RETAIN_SELF = YES;
				CLANG_WARN_OBJC_LITERAL_CONVERSION = YES;
				CLANG_WARN_OBJC_ROOT_CLASS = YES_ERROR;
				CLANG_WARN_QUOTED_INCLUDE_IN_FRAMEWORK_HEADER = YES;
				CLANG_WARN_RANGE_LOOP_ANALYSIS = YES;
				CLANG_WARN_STRICT_PROTOTYPES = YES;
				CLANG_WARN_SUSPICIOUS_MOVE = YES;
				CLANG_WARN_UNGUARDED_AVAILABILITY = YES_AGGRESSIVE;
				CLANG_WARN_UNREACHABLE_CODE = YES;
				CLANG_WARN__DUPLICATE_METHOD_MATCH = YES;
				COPY_PHASE_STRIP = NO;
				DEBUG_INFORMATION_FORMAT = dwarf;
				ENABLE_STRICT_OBJC_MSGSEND = YES;
				ENABLE_TESTABILITY = YES;
				ENABLE_USER_SCRIPT_SANDBOXING = YES;
				GCC_C_LANGUAGE_STANDARD = gnu17;
				GCC_DYNAMIC_NO_PIC = NO;
				GCC_NO_COMMON_BLOCKS = YES;
				GCC_OPTIMIZATION_LEVEL = 0;
				GCC_PREPROCESSOR_DEFINITIONS = (
					"DEBUG=1",
					"$(inherited)",
				);
				GCC_WARN_64_TO_32_BIT_CONVERSION = YES;
				GCC_WARN_ABOUT_RETURN_TYPE = YES_ERROR;
				GCC_WARN_UNDECLARED_SELECTOR = YES;
				GCC_WARN_UNINITIALIZED_AUTOS = YES_AGGRESSIVE;
				GCC_WARN_UNUSED_FUNCTION = YES;
				GCC_WARN_UNUSED_VARIABLE = YES;
				IPHONEOS_DEPLOYMENT_TARGET = 18.0;
				LOCALIZATION_PREFERS_STRING_CATALOGS = YES;
				MTL_ENABLE_DEBUG_INFO = INCLUDE_SOURCE;
				MTL_FAST_MATH = YES;
				ONLY_ACTIVE_ARCH = YES;
				SDKROOT = iphoneos;
				SWIFT_ACTIVE_COMPILATION_CONDITIONS = "DEBUG $(inherited)";
				SWIFT_OPTIMIZATION_LEVEL = "-Onone";
			};
			name = Debug;
		};
		E145407B2CCBF3A700D2D86E /* Release */ = {
			isa = XCBuildConfiguration;
			buildSettings = {
				ALWAYS_SEARCH_USER_PATHS = NO;
				ASSETCATALOG_COMPILER_GENERATE_SWIFT_ASSET_SYMBOL_EXTENSIONS = YES;
				CLANG_ANALYZER_NONNULL = YES;
				CLANG_ANALYZER_NUMBER_OBJECT_CONVERSION = YES_AGGRESSIVE;
				CLANG_CXX_LANGUAGE_STANDARD = "gnu++20";
				CLANG_ENABLE_MODULES = YES;
				CLANG_ENABLE_OBJC_ARC = YES;
				CLANG_ENABLE_OBJC_WEAK = YES;
				CLANG_WARN_BLOCK_CAPTURE_AUTORELEASING = YES;
				CLANG_WARN_BOOL_CONVERSION = YES;
				CLANG_WARN_COMMA = YES;
				CLANG_WARN_CONSTANT_CONVERSION = YES;
				CLANG_WARN_DEPRECATED_OBJC_IMPLEMENTATIONS = YES;
				CLANG_WARN_DIRECT_OBJC_ISA_USAGE = YES_ERROR;
				CLANG_WARN_DOCUMENTATION_COMMENTS = YES;
				CLANG_WARN_EMPTY_BODY = YES;
				CLANG_WARN_ENUM_CONVERSION = YES;
				CLANG_WARN_INFINITE_RECURSION = YES;
				CLANG_WARN_INT_CONVERSION = YES;
				CLANG_WARN_NON_LITERAL_NULL_CONVERSION = YES;
				CLANG_WARN_OBJC_IMPLICIT_RETAIN_SELF = YES;
				CLANG_WARN_OBJC_LITERAL_CONVERSION = YES;
				CLANG_WARN_OBJC_ROOT_CLASS = YES_ERROR;
				CLANG_WARN_QUOTED_INCLUDE_IN_FRAMEWORK_HEADER = YES;
				CLANG_WARN_RANGE_LOOP_ANALYSIS = YES;
				CLANG_WARN_STRICT_PROTOTYPES = YES;
				CLANG_WARN_SUSPICIOUS_MOVE = YES;
				CLANG_WARN_UNGUARDED_AVAILABILITY = YES_AGGRESSIVE;
				CLANG_WARN_UNREACHABLE_CODE = YES;
				CLANG_WARN__DUPLICATE_METHOD_MATCH = YES;
				COPY_PHASE_STRIP = NO;
				DEBUG_INFORMATION_FORMAT = "dwarf-with-dsym";
				ENABLE_NS_ASSERTIONS = NO;
				ENABLE_STRICT_OBJC_MSGSEND = YES;
				ENABLE_USER_SCRIPT_SANDBOXING = YES;
				GCC_C_LANGUAGE_STANDARD = gnu17;
				GCC_NO_COMMON_BLOCKS = YES;
				GCC_WARN_64_TO_32_BIT_CONVERSION = YES;
				GCC_WARN_ABOUT_RETURN_TYPE = YES_ERROR;
				GCC_WARN_UNDECLARED_SELECTOR = YES;
				GCC_WARN_UNINITIALIZED_AUTOS = YES_AGGRESSIVE;
				GCC_WARN_UNUSED_FUNCTION = YES;
				GCC_WARN_UNUSED_VARIABLE = YES;
				IPHONEOS_DEPLOYMENT_TARGET = 18.0;
				LOCALIZATION_PREFERS_STRING_CATALOGS = YES;
				MTL_ENABLE_DEBUG_INFO = NO;
				MTL_FAST_MATH = YES;
				SDKROOT = iphoneos;
				SWIFT_COMPILATION_MODE = wholemodule;
				VALIDATE_PRODUCT = YES;
			};
			name = Release;
		};
		E145407D2CCBF3A700D2D86E /* Debug */ = {
			isa = XCBuildConfiguration;
			buildSettings = {
				ASSETCATALOG_COMPILER_APPICON_NAME = AppIcon;
				ASSETCATALOG_COMPILER_GLOBAL_ACCENT_COLOR_NAME = AccentColor;
				CODE_SIGN_STYLE = Automatic;
				CURRENT_PROJECT_VERSION = 1;
				DEVELOPMENT_ASSET_PATHS = "\"Cookpedia/Preview Content\"";
				DEVELOPMENT_TEAM = 257XYBXF37;
				ENABLE_PREVIEWS = YES;
				GENERATE_INFOPLIST_FILE = YES;
				INFOPLIST_FILE = Cookpedia/Info.plist;
				INFOPLIST_KEY_UIApplicationSceneManifest_Generation = YES;
				INFOPLIST_KEY_UIApplicationSupportsIndirectInputEvents = YES;
				INFOPLIST_KEY_UILaunchScreen_Generation = YES;
				INFOPLIST_KEY_UISupportedInterfaceOrientations_iPad = "UIInterfaceOrientationPortrait UIInterfaceOrientationPortraitUpsideDown UIInterfaceOrientationLandscapeLeft UIInterfaceOrientationLandscapeRight";
				INFOPLIST_KEY_UISupportedInterfaceOrientations_iPhone = "UIInterfaceOrientationPortrait UIInterfaceOrientationLandscapeLeft UIInterfaceOrientationLandscapeRight";
				LD_RUNPATH_SEARCH_PATHS = (
					"$(inherited)",
					"@executable_path/Frameworks",
				);
				MARKETING_VERSION = 1.0;
				PRODUCT_BUNDLE_IDENTIFIER = "com.bilal-dallali.Cookpedia";
				PRODUCT_NAME = "$(TARGET_NAME)";
				SWIFT_EMIT_LOC_STRINGS = YES;
				SWIFT_VERSION = 5.0;
				TARGETED_DEVICE_FAMILY = "1,2";
			};
			name = Debug;
		};
		E145407E2CCBF3A700D2D86E /* Release */ = {
			isa = XCBuildConfiguration;
			buildSettings = {
				ASSETCATALOG_COMPILER_APPICON_NAME = AppIcon;
				ASSETCATALOG_COMPILER_GLOBAL_ACCENT_COLOR_NAME = AccentColor;
				CODE_SIGN_STYLE = Automatic;
				CURRENT_PROJECT_VERSION = 1;
				DEVELOPMENT_ASSET_PATHS = "\"Cookpedia/Preview Content\"";
				DEVELOPMENT_TEAM = 257XYBXF37;
				ENABLE_PREVIEWS = YES;
				GENERATE_INFOPLIST_FILE = YES;
				INFOPLIST_FILE = Cookpedia/Info.plist;
				INFOPLIST_KEY_UIApplicationSceneManifest_Generation = YES;
				INFOPLIST_KEY_UIApplicationSupportsIndirectInputEvents = YES;
				INFOPLIST_KEY_UILaunchScreen_Generation = YES;
				INFOPLIST_KEY_UISupportedInterfaceOrientations_iPad = "UIInterfaceOrientationPortrait UIInterfaceOrientationPortraitUpsideDown UIInterfaceOrientationLandscapeLeft UIInterfaceOrientationLandscapeRight";
				INFOPLIST_KEY_UISupportedInterfaceOrientations_iPhone = "UIInterfaceOrientationPortrait UIInterfaceOrientationLandscapeLeft UIInterfaceOrientationLandscapeRight";
				LD_RUNPATH_SEARCH_PATHS = (
					"$(inherited)",
					"@executable_path/Frameworks",
				);
				MARKETING_VERSION = 1.0;
				PRODUCT_BUNDLE_IDENTIFIER = "com.bilal-dallali.Cookpedia";
				PRODUCT_NAME = "$(TARGET_NAME)";
				SWIFT_EMIT_LOC_STRINGS = YES;
				SWIFT_VERSION = 5.0;
				TARGETED_DEVICE_FAMILY = "1,2";
			};
			name = Release;
		};
		E156C9952D7F0B3D00DB433F /* Debug */ = {
			isa = XCBuildConfiguration;
			buildSettings = {
				BUNDLE_LOADER = "$(TEST_HOST)";
				CODE_SIGN_STYLE = Automatic;
				CURRENT_PROJECT_VERSION = 1;
				DEVELOPMENT_TEAM = 257XYBXF37;
				GENERATE_INFOPLIST_FILE = YES;
				IPHONEOS_DEPLOYMENT_TARGET = 18.2;
				MARKETING_VERSION = 1.0;
				PRODUCT_BUNDLE_IDENTIFIER = "com.bilal-dallali.CookpediaTests";
				PRODUCT_NAME = "$(TARGET_NAME)";
				SWIFT_EMIT_LOC_STRINGS = NO;
				SWIFT_VERSION = 5.0;
				TARGETED_DEVICE_FAMILY = "1,2";
				TEST_HOST = "$(BUILT_PRODUCTS_DIR)/Cookpedia.app/$(BUNDLE_EXECUTABLE_FOLDER_PATH)/Cookpedia";
			};
			name = Debug;
		};
		E156C9962D7F0B3D00DB433F /* Release */ = {
			isa = XCBuildConfiguration;
			buildSettings = {
				BUNDLE_LOADER = "$(TEST_HOST)";
				CODE_SIGN_STYLE = Automatic;
				CURRENT_PROJECT_VERSION = 1;
				DEVELOPMENT_TEAM = 257XYBXF37;
				GENERATE_INFOPLIST_FILE = YES;
				IPHONEOS_DEPLOYMENT_TARGET = 18.2;
				MARKETING_VERSION = 1.0;
				PRODUCT_BUNDLE_IDENTIFIER = "com.bilal-dallali.CookpediaTests";
				PRODUCT_NAME = "$(TARGET_NAME)";
				SWIFT_EMIT_LOC_STRINGS = NO;
				SWIFT_VERSION = 5.0;
				TARGETED_DEVICE_FAMILY = "1,2";
				TEST_HOST = "$(BUILT_PRODUCTS_DIR)/Cookpedia.app/$(BUNDLE_EXECUTABLE_FOLDER_PATH)/Cookpedia";
			};
			name = Release;
		};
/* End XCBuildConfiguration section */

/* Begin XCConfigurationList section */
		E14540692CCBF3A600D2D86E /* Build configuration list for PBXProject "Cookpedia" */ = {
			isa = XCConfigurationList;
			buildConfigurations = (
				E145407A2CCBF3A700D2D86E /* Debug */,
				E145407B2CCBF3A700D2D86E /* Release */,
			);
			defaultConfigurationIsVisible = 0;
			defaultConfigurationName = Release;
		};
		E145407C2CCBF3A700D2D86E /* Build configuration list for PBXNativeTarget "Cookpedia" */ = {
			isa = XCConfigurationList;
			buildConfigurations = (
				E145407D2CCBF3A700D2D86E /* Debug */,
				E145407E2CCBF3A700D2D86E /* Release */,
			);
			defaultConfigurationIsVisible = 0;
			defaultConfigurationName = Release;
		};
		E156C9942D7F0B3D00DB433F /* Build configuration list for PBXNativeTarget "CookpediaTests" */ = {
			isa = XCConfigurationList;
			buildConfigurations = (
				E156C9952D7F0B3D00DB433F /* Debug */,
				E156C9962D7F0B3D00DB433F /* Release */,
			);
			defaultConfigurationIsVisible = 0;
			defaultConfigurationName = Release;
		};
/* End XCConfigurationList section */

/* Begin XCRemoteSwiftPackageReference section */
		E130112E2D86D19D001BE6F5 /* XCRemoteSwiftPackageReference "firebase-ios-sdk" */ = {
			isa = XCRemoteSwiftPackageReference;
			repositoryURL = "https://github.com/firebase/firebase-ios-sdk.git";
			requirement = {
				kind = upToNextMajorVersion;
				minimumVersion = 11.9.0;
			};
		};
/* End XCRemoteSwiftPackageReference section */

/* Begin XCSwiftPackageProductDependency section */
		E130112F2D86D19D001BE6F5 /* FirebaseAnalytics */ = {
			isa = XCSwiftPackageProductDependency;
			package = E130112E2D86D19D001BE6F5 /* XCRemoteSwiftPackageReference "firebase-ios-sdk" */;
			productName = FirebaseAnalytics;
		};
		E13011312D86D19D001BE6F5 /* FirebaseAnalyticsOnDeviceConversion */ = {
			isa = XCSwiftPackageProductDependency;
			package = E130112E2D86D19D001BE6F5 /* XCRemoteSwiftPackageReference "firebase-ios-sdk" */;
			productName = FirebaseAnalyticsOnDeviceConversion;
		};
		E13011332D86D19D001BE6F5 /* FirebaseAnalyticsWithoutAdIdSupport */ = {
			isa = XCSwiftPackageProductDependency;
			package = E130112E2D86D19D001BE6F5 /* XCRemoteSwiftPackageReference "firebase-ios-sdk" */;
			productName = FirebaseAnalyticsWithoutAdIdSupport;
		};
		E13011352D86D19D001BE6F5 /* FirebaseAppCheck */ = {
			isa = XCSwiftPackageProductDependency;
			package = E130112E2D86D19D001BE6F5 /* XCRemoteSwiftPackageReference "firebase-ios-sdk" */;
			productName = FirebaseAppCheck;
		};
		E13011372D86D19D001BE6F5 /* FirebaseAppDistribution-Beta */ = {
			isa = XCSwiftPackageProductDependency;
			package = E130112E2D86D19D001BE6F5 /* XCRemoteSwiftPackageReference "firebase-ios-sdk" */;
			productName = "FirebaseAppDistribution-Beta";
		};
		E130113A2D86D1E7001BE6F5 /* FirebasePerformance */ = {
			isa = XCSwiftPackageProductDependency;
			package = E130112E2D86D19D001BE6F5 /* XCRemoteSwiftPackageReference "firebase-ios-sdk" */;
			productName = FirebasePerformance;
		};
/* End XCSwiftPackageProductDependency section */
	};
	rootObject = E14540662CCBF3A600D2D86E /* Project object */;
}
